# This file is automatically @generated by Cargo.
# It is not intended for manual editing.
version = 3

[[package]]
name = "const-str"
version = "0.5.7"
source = "registry+https://github.com/rust-lang/crates.io-index"
checksum = "3618cccc083bb987a415d85c02ca6c9994ea5b44731ec28b9ecf09658655fba9"

[[package]]
name = "placas-copia"
version = "0.1.0"
dependencies = [
 "colored",
 "const-str",
]
